
Microsoft Visual Studio Solution File, Format Version 12.00
# Visual Studio Version 17
VisualStudioVersion = 17.10.35013.160
MinimumVisualStudioVersion = 10.0.40219.1
Project("{FAE04EC0-301F-11D3-BF4B-00C04F79EFBC}") = "agent", "ConsoleApp1\agent.csproj", "{2C204BA3-C8AA-4A5C-8F56-8FB8F9A7E706}"
EndProject
Global
	GlobalSection(SolutionConfigurationPlatforms) = preSolution
		Debug|Any CPU = Debug|Any CPU
		Release|Any CPU = Release|Any CPU
	EndGlobalSection
	GlobalSection(ProjectConfigurationPlatforms) = postSolution
		{2C204BA3-C8AA-4A5C-8F56-8FB8F9A7E706}.Debug|Any CPU.ActiveCfg = Debug|Any CPU
		{2C204BA3-C8AA-4A5C-8F56-8FB8F9A7E706}.Debug|Any CPU.Build.0 = Debug|Any CPU
		{2C204BA3-C8AA-4A5C-8F56-8FB8F9A7E706}.Release|Any CPU.ActiveCfg = Release|Any CPU
		{2C204BA3-C8AA-4A5C-8F56-8FB8F9A7E706}.Release|Any CPU.Build.0 = Release|Any CPU
	EndGlobalSection
	GlobalSection(SolutionProperties) = preSolution
		HideSolutionNode = FALSE
	EndGlobalSection
	GlobalSection(ExtensibilityGlobals) = postSolution
		SolutionGuid = {F63C9997-20C1-4A1E-9723-5C04206C4FE9}
	EndGlobalSection
EndGlobal
